
Microsoft Visual Studio Solution File, Format Version 12.00
# Visual Studio Version 17
VisualStudioVersion = 17.1.32210.238
MinimumVisualStudioVersion = 10.0.40219.1
Project("{FAE04EC0-301F-11D3-BF4B-00C04F79EFBC}") = "eTick", "eTick.csproj", "{AD35F66D-1BCD-43A9-B1B8-206C9404C515}"
EndProject
Global
	GlobalSection(SolutionConfigurationPlatforms) = preSolution
		Debug|Any CPU = Debug|Any CPU
		Release|Any CPU = Release|Any CPU
	EndGlobalSection
	GlobalSection(ProjectConfigurationPlatforms) = postSolution
		{AD35F66D-1BCD-43A9-B1B8-206C9404C515}.Debug|Any CPU.ActiveCfg = Debug|Any CPU
		{AD35F66D-1BCD-43A9-B1B8-206C9404C515}.Debug|Any CPU.Build.0 = Debug|Any CPU
		{AD35F66D-1BCD-43A9-B1B8-206C9404C515}.Release|Any CPU.ActiveCfg = Release|Any CPU
		{AD35F66D-1BCD-43A9-B1B8-206C9404C515}.Release|Any CPU.Build.0 = Release|Any CPU
	EndGlobalSection
	GlobalSection(SolutionProperties) = preSolution
		HideSolutionNode = FALSE
	EndGlobalSection
	GlobalSection(ExtensibilityGlobals) = postSolution
		SolutionGuid = {C9B81C5F-1EEA-48E8-ADB9-5CF8ADE10C6C}
	EndGlobalSection
EndGlobal
